
Microsoft Visual Studio Solution File, Format Version 12.00
# Visual Studio Version 17
VisualStudioVersion = 17.9.34622.214
MinimumVisualStudioVersion = 10.0.40219.1
Project("{FAE04EC0-301F-11D3-BF4B-00C04F79EFBC}") = "DesafiosProgram", "Totito\DesafiosProgram.csproj", "{67DA30B5-F272-4048-9BBB-75A9F805B581}"
EndProject
Global
	GlobalSection(SolutionConfigurationPlatforms) = preSolution
		Debug|Any CPU = Debug|Any CPU
		Release|Any CPU = Release|Any CPU
	EndGlobalSection
	GlobalSection(ProjectConfigurationPlatforms) = postSolution
		{67DA30B5-F272-4048-9BBB-75A9F805B581}.Debug|Any CPU.ActiveCfg = Debug|Any CPU
		{67DA30B5-F272-4048-9BBB-75A9F805B581}.Debug|Any CPU.Build.0 = Debug|Any CPU
		{67DA30B5-F272-4048-9BBB-75A9F805B581}.Release|Any CPU.ActiveCfg = Release|Any CPU
		{67DA30B5-F272-4048-9BBB-75A9F805B581}.Release|Any CPU.Build.0 = Release|Any CPU
	EndGlobalSection
	GlobalSection(SolutionProperties) = preSolution
		HideSolutionNode = FALSE
	EndGlobalSection
	GlobalSection(ExtensibilityGlobals) = postSolution
		SolutionGuid = {8297CD95-B2E5-47B7-B037-B6AB5231AE4B}
	EndGlobalSection
EndGlobal
