
Microsoft Visual Studio Solution File, Format Version 12.00
# Visual Studio Version 17
VisualStudioVersion = 17.9.34622.214
MinimumVisualStudioVersion = 10.0.40219.1
Project("{FAE04EC0-301F-11D3-BF4B-00C04F79EFBC}") = "MiProyecto", "CreacionBotones\MiProyecto.csproj", "{350E369A-10FA-4D08-8874-3571FF8CFE4B}"
EndProject
Project("{FAE04EC0-301F-11D3-BF4B-00C04F79EFBC}") = "PracClase", "PracClase\PracClase.csproj", "{163C4B9B-EEAB-41BA-ADB2-418A56C91EA8}"
EndProject
Global
	GlobalSection(SolutionConfigurationPlatforms) = preSolution
		Debug|Any CPU = Debug|Any CPU
		Release|Any CPU = Release|Any CPU
	EndGlobalSection
	GlobalSection(ProjectConfigurationPlatforms) = postSolution
		{350E369A-10FA-4D08-8874-3571FF8CFE4B}.Debug|Any CPU.ActiveCfg = Debug|Any CPU
		{350E369A-10FA-4D08-8874-3571FF8CFE4B}.Debug|Any CPU.Build.0 = Debug|Any CPU
		{350E369A-10FA-4D08-8874-3571FF8CFE4B}.Release|Any CPU.ActiveCfg = Release|Any CPU
		{350E369A-10FA-4D08-8874-3571FF8CFE4B}.Release|Any CPU.Build.0 = Release|Any CPU
		{163C4B9B-EEAB-41BA-ADB2-418A56C91EA8}.Debug|Any CPU.ActiveCfg = Debug|Any CPU
		{163C4B9B-EEAB-41BA-ADB2-418A56C91EA8}.Debug|Any CPU.Build.0 = Debug|Any CPU
		{163C4B9B-EEAB-41BA-ADB2-418A56C91EA8}.Release|Any CPU.ActiveCfg = Release|Any CPU
		{163C4B9B-EEAB-41BA-ADB2-418A56C91EA8}.Release|Any CPU.Build.0 = Release|Any CPU
	EndGlobalSection
	GlobalSection(SolutionProperties) = preSolution
		HideSolutionNode = FALSE
	EndGlobalSection
	GlobalSection(ExtensibilityGlobals) = postSolution
		SolutionGuid = {6FC9F100-317D-432A-AA64-9AC88325ECDF}
	EndGlobalSection
EndGlobal
