
Microsoft Visual Studio Solution File, Format Version 12.00
# Visual Studio Version 17
VisualStudioVersion = 17.9.34622.214
MinimumVisualStudioVersion = 10.0.40219.1
Project("{FAE04EC0-301F-11D3-BF4B-00C04F79EFBC}") = "TotalVolumenCajas", "TotalVolumenCajas\TotalVolumenCajas.csproj", "{2D02E999-6DC6-4BDB-AAC7-5719278FC357}"
EndProject
Global
	GlobalSection(SolutionConfigurationPlatforms) = preSolution
		Debug|Any CPU = Debug|Any CPU
		Release|Any CPU = Release|Any CPU
	EndGlobalSection
	GlobalSection(ProjectConfigurationPlatforms) = postSolution
		{2D02E999-6DC6-4BDB-AAC7-5719278FC357}.Debug|Any CPU.ActiveCfg = Debug|Any CPU
		{2D02E999-6DC6-4BDB-AAC7-5719278FC357}.Debug|Any CPU.Build.0 = Debug|Any CPU
		{2D02E999-6DC6-4BDB-AAC7-5719278FC357}.Release|Any CPU.ActiveCfg = Release|Any CPU
		{2D02E999-6DC6-4BDB-AAC7-5719278FC357}.Release|Any CPU.Build.0 = Release|Any CPU
	EndGlobalSection
	GlobalSection(SolutionProperties) = preSolution
		HideSolutionNode = FALSE
	EndGlobalSection
	GlobalSection(ExtensibilityGlobals) = postSolution
		SolutionGuid = {F1B3AA61-B6C5-4DAF-B35E-2BB115D79107}
	EndGlobalSection
EndGlobal
